{
  "version": "3",
  "remote": {
    "https://deno.land/std@0.106.0/fmt/colors.ts": "d2f8355f00a74404668fc5a1e4a92983ce1a9b0a6ac1d40efbd681cb8f519586",
    "https://deno.land/std@0.106.0/testing/_diff.ts": "5d3693155f561d1a5443ac751ac70aab9f5d67b4819a621d4b96b8a1a1c89620",
    "https://deno.land/std@0.106.0/testing/asserts.ts": "5f3a0fddb15a9733e44737e2d52be8e696bb79bc4e3830a9f246c5b8f3b29b31",
    "https://deno.land/std@0.167.0/fmt/colors.ts": "03ad95e543d2808bc43c17a3dd29d25b43d0f16287fe562a0be89bf632454a12",
    "https://deno.land/std@0.167.0/testing/_diff.ts": "a23e7fc2b4d8daa3e158fa06856bedf5334ce2a2831e8bf9e509717f455adb2c",
    "https://deno.land/std@0.167.0/testing/_format.ts": "cd11136e1797791045e639e9f0f4640d5b4166148796cad37e6ef75f7d7f3832",
    "https://deno.land/std@0.167.0/testing/asserts.ts": "51353e79437361d4b02d8e32f3fc83b22231bc8f8d4c841d86fd32b0b0afe940"
  }
}
